{
  "name": "FribbelsE7Optimizer",
  "version": "1.6.0",
  "lockfileVersion": 2,
  "requires": true,
  "packages": {
    "": {
      "name": "FribbelsE7Optimizer",
      "version": "1.6.0",
      "hasInstallScript": true,
      "license": "MIT",
      "dependencies": {
        "@ag-grid-community/client-side-row-model": "25.1.0",
        "@ag-grid-community/core": "25.1.0",
        "@ag-grid-community/infinite-row-model": "25.1.0",
        "@fontsource/fira-sans-condensed": "^4.2.2",
        "@fortawesome/fontawesome-free": "^5.15.1",
        "ag-grid-community": "^25.1.0",
        "animate.css": "^4.1.1",
        "awesome-notifications": "^3.1.1",
        "axios": "^0.21.0",
        "fs": "latest",
        "i18next": "^19.9.1",
        "i18next-browser-languagedetector": "^6.0.1",
        "i18next-chained-backend": "^2.0.1",
        "i18next-http-backend": "^1.1.1",
        "i18next-localstorage-backend": "^3.1.2",
        "jimp": "latest",
        "jquery": "^3.5.1",
        "multiple-select": "^1.5.2",
        "node-fetch": "^2.6.1",
        "pretty-checkbox": "^3.0.3",
        "rangeslider-js": "^3.2.5",
        "string-similarity": "latest",
        "sweetalert2": "^10.10.4",
        "tinygradient": "^1.1.2",
        "tippy": "^0.0.0",
        "tippy.js": "^6.2.7",
        "tree-kill": "latest",
        "uuid": "latest"
      }
    },
    "node_modules/@ag-grid-community/client-side-row-model": {
      "version": "25.1.0",
      "resolved": "https://registry.npmjs.org/@ag-grid-community/client-side-row-model/-/client-side-row-model-25.1.0.tgz",
      "integrity": "sha512-/SLSXYO2Nn8SkoI65/0g7TWNZpP6OaRjvT8ncoTOXgT1g+mY1CeWROUtKccTjMtwOiam1Dn7oAImq0utDoEFjw==",
      "dependencies": {
        "@ag-grid-community/core": "~25.1.0"
      }
    },
    "node_modules/@ag-grid-community/core": {
      "version": "25.1.0",
      "resolved": "https://registry.npmjs.org/@ag-grid-community/core/-/core-25.1.0.tgz",
      "integrity": "sha512-svbWNlNVtBHJZWs+JgaCsQctW5W/tuOiuO1bbm4vYQA2M6tXAgg4BaDpuHScG8w3ZlOhlz5jkrh8l96ODbAuQA=="
    },
    "node_modules/@ag-grid-community/infinite-row-model": {
      "version": "25.1.0",
      "resolved": "https://registry.npmjs.org/@ag-grid-community/infinite-row-model/-/infinite-row-model-25.1.0.tgz",
      "integrity": "sha512-CZKmS6cqeAW11TyNaU+Kz4tweJLkXTftqc7qNpSD0eyTN1D8KX0jsd9d9cM/VRkrWZwi9RhbsioTWH/v9cIWrA==",
      "dependencies": {
        "@ag-grid-community/core": "~25.1.0"
      }
    },
    "node_modules/@babel/runtime": {
      "version": "7.12.5",
      "license": "MIT",
      "dependencies": {
        "regenerator-runtime": "^0.13.4"
      }
    },
    "node_modules/@fontsource/fira-sans-condensed": {
      "version": "4.2.2",
      "resolved": "https://registry.npmjs.org/@fontsource/fira-sans-condensed/-/fira-sans-condensed-4.2.2.tgz",
      "integrity": "sha512-t95fRL98/q255lBWDrsBNpNJbCVwsfzR11DPpYS/3nc/+YTUbWAtKcfx9h4Y4f1oz57YSXIC9fAEYA6e0oH8MQ=="
    },
    "node_modules/@fortawesome/fontawesome-free": {
      "version": "5.15.1",
      "hasInstallScript": true,
      "license": "(CC-BY-4.0 AND OFL-1.1 AND MIT)",
      "engines": {
        "node": ">=6"
      }
    },
    "node_modules/@jimp/bmp": {
      "version": "0.16.1",
      "license": "MIT",
      "dependencies": {
        "@babel/runtime": "^7.7.2",
        "@jimp/utils": "^0.16.1",
        "bmp-js": "^0.1.0"
      },
      "peerDependencies": {
        "@jimp/custom": ">=0.3.5"
      }
    },
    "node_modules/@jimp/core": {
      "version": "0.16.1",
      "license": "MIT",
      "dependencies": {
        "@babel/runtime": "^7.7.2",
        "@jimp/utils": "^0.16.1",
        "any-base": "^1.1.0",
        "buffer": "^5.2.0",
        "exif-parser": "^0.1.12",
        "file-type": "^9.0.0",
        "load-bmfont": "^1.3.1",
        "mkdirp": "^0.5.1",
        "phin": "^2.9.1",
        "pixelmatch": "^4.0.2",
        "tinycolor2": "^1.4.1"
      }
    },
    "node_modules/@jimp/custom": {
      "version": "0.16.1",
      "license": "MIT",
      "dependencies": {
        "@babel/runtime": "^7.7.2",
        "@jimp/core": "^0.16.1"
      }
    },
    "node_modules/@jimp/gif": {
      "version": "0.16.1",
      "license": "MIT",
      "dependencies": {
        "@babel/runtime": "^7.7.2",
        "@jimp/utils": "^0.16.1",
        "gifwrap": "^0.9.2",
        "omggif": "^1.0.9"
      },
      "peerDependencies": {
        "@jimp/custom": ">=0.3.5"
      }
    },
    "node_modules/@jimp/jpeg": {
      "version": "0.16.1",
      "license": "MIT",
      "dependencies": {
        "@babel/runtime": "^7.7.2",
        "@jimp/utils": "^0.16.1",
        "jpeg-js": "0.4.2"
      },
      "peerDependencies": {
        "@jimp/custom": ">=0.3.5"
      }
    },
    "node_modules/@jimp/plugin-blit": {
      "version": "0.16.1",
      "license": "MIT",
      "dependencies": {
        "@babel/runtime": "^7.7.2",
        "@jimp/utils": "^0.16.1"
      },
      "peerDependencies": {
        "@jimp/custom": ">=0.3.5"
      }
    },
    "node_modules/@jimp/plugin-blur": {
      "version": "0.16.1",
      "license": "MIT",
      "dependencies": {
        "@babel/runtime": "^7.7.2",
        "@jimp/utils": "^0.16.1"
      },
      "peerDependencies": {
        "@jimp/custom": ">=0.3.5"
      }
    },
    "node_modules/@jimp/plugin-circle": {
      "version": "0.16.1",
      "license": "MIT",
      "dependencies": {
        "@babel/runtime": "^7.7.2",
        "@jimp/utils": "^0.16.1"
      },
      "peerDependencies": {
        "@jimp/custom": ">=0.3.5"
      }
    },
    "node_modules/@jimp/plugin-color": {
      "version": "0.16.1",
      "license": "MIT",
      "dependencies": {
        "@babel/runtime": "^7.7.2",
        "@jimp/utils": "^0.16.1",
        "tinycolor2": "^1.4.1"
      },
      "peerDependencies": {
        "@jimp/custom": ">=0.3.5"
      }
    },
    "node_modules/@jimp/plugin-contain": {
      "version": "0.16.1",
      "license": "MIT",
      "dependencies": {
        "@babel/runtime": "^7.7.2",
        "@jimp/utils": "^0.16.1"
      },
      "peerDependencies": {
        "@jimp/custom": ">=0.3.5",
        "@jimp/plugin-blit": ">=0.3.5",
        "@jimp/plugin-resize": ">=0.3.5",
        "@jimp/plugin-scale": ">=0.3.5"
      }
    },
    "node_modules/@jimp/plugin-cover": {
      "version": "0.16.1",
      "license": "MIT",
      "dependencies": {
        "@babel/runtime": "^7.7.2",
        "@jimp/utils": "^0.16.1"
      },
      "peerDependencies": {
        "@jimp/custom": ">=0.3.5",
        "@jimp/plugin-crop": ">=0.3.5",
        "@jimp/plugin-resize": ">=0.3.5",
        "@jimp/plugin-scale": ">=0.3.5"
      }
    },
    "node_modules/@jimp/plugin-crop": {
      "version": "0.16.1",
      "license": "MIT",
      "dependencies": {
        "@babel/runtime": "^7.7.2",
        "@jimp/utils": "^0.16.1"
      },
      "peerDependencies": {
        "@jimp/custom": ">=0.3.5"
      }
    },
    "node_modules/@jimp/plugin-displace": {
      "version": "0.16.1",
      "license": "MIT",
      "dependencies": {
        "@babel/runtime": "^7.7.2",
        "@jimp/utils": "^0.16.1"
      },
      "peerDependencies": {
        "@jimp/custom": ">=0.3.5"
      }
    },
    "node_modules/@jimp/plugin-dither": {
      "version": "0.16.1",
      "license": "MIT",
      "dependencies": {
        "@babel/runtime": "^7.7.2",
        "@jimp/utils": "^0.16.1"
      },
      "peerDependencies": {
        "@jimp/custom": ">=0.3.5"
      }
    },
    "node_modules/@jimp/plugin-fisheye": {
      "version": "0.16.1",
      "license": "MIT",
      "dependencies": {
        "@babel/runtime": "^7.7.2",
        "@jimp/utils": "^0.16.1"
      },
      "peerDependencies": {
        "@jimp/custom": ">=0.3.5"
      }
    },
    "node_modules/@jimp/plugin-flip": {
      "version": "0.16.1",
      "license": "MIT",
      "dependencies": {
        "@babel/runtime": "^7.7.2",
        "@jimp/utils": "^0.16.1"
      },
      "peerDependencies": {
        "@jimp/custom": ">=0.3.5",
        "@jimp/plugin-rotate": ">=0.3.5"
      }
    },
    "node_modules/@jimp/plugin-gaussian": {
      "version": "0.16.1",
      "license": "MIT",
      "dependencies": {
        "@babel/runtime": "^7.7.2",
        "@jimp/utils": "^0.16.1"
      },
      "peerDependencies": {
        "@jimp/custom": ">=0.3.5"
      }
    },
    "node_modules/@jimp/plugin-invert": {
      "version": "0.16.1",
      "license": "MIT",
      "dependencies": {
        "@babel/runtime": "^7.7.2",
        "@jimp/utils": "^0.16.1"
      },
      "peerDependencies": {
        "@jimp/custom": ">=0.3.5"
      }
    },
    "node_modules/@jimp/plugin-mask": {
      "version": "0.16.1",
      "license": "MIT",
      "dependencies": {
        "@babel/runtime": "^7.7.2",
        "@jimp/utils": "^0.16.1"
      },
      "peerDependencies": {
        "@jimp/custom": ">=0.3.5"
      }
    },
    "node_modules/@jimp/plugin-normalize": {
      "version": "0.16.1",
      "license": "MIT",
      "dependencies": {
        "@babel/runtime": "^7.7.2",
        "@jimp/utils": "^0.16.1"
      },
      "peerDependencies": {
        "@jimp/custom": ">=0.3.5"
      }
    },
    "node_modules/@jimp/plugin-print": {
      "version": "0.16.1",
      "license": "MIT",
      "dependencies": {
        "@babel/runtime": "^7.7.2",
        "@jimp/utils": "^0.16.1",
        "load-bmfont": "^1.4.0"
      },
      "peerDependencies": {
        "@jimp/custom": ">=0.3.5",
        "@jimp/plugin-blit": ">=0.3.5"
      }
    },
    "node_modules/@jimp/plugin-resize": {
      "version": "0.16.1",
      "license": "MIT",
      "dependencies": {
        "@babel/runtime": "^7.7.2",
        "@jimp/utils": "^0.16.1"
      },
      "peerDependencies": {
        "@jimp/custom": ">=0.3.5"
      }
    },
    "node_modules/@jimp/plugin-rotate": {
      "version": "0.16.1",
      "license": "MIT",
      "dependencies": {
        "@babel/runtime": "^7.7.2",
        "@jimp/utils": "^0.16.1"
      },
      "peerDependencies": {
        "@jimp/custom": ">=0.3.5",
        "@jimp/plugin-blit": ">=0.3.5",
        "@jimp/plugin-crop": ">=0.3.5",
        "@jimp/plugin-resize": ">=0.3.5"
      }
    },
    "node_modules/@jimp/plugin-scale": {
      "version": "0.16.1",
      "license": "MIT",
      "dependencies": {
        "@babel/runtime": "^7.7.2",
        "@jimp/utils": "^0.16.1"
      },
      "peerDependencies": {
        "@jimp/custom": ">=0.3.5",
        "@jimp/plugin-resize": ">=0.3.5"
      }
    },
    "node_modules/@jimp/plugin-shadow": {
      "version": "0.16.1",
      "license": "MIT",
      "dependencies": {
        "@babel/runtime": "^7.7.2",
        "@jimp/utils": "^0.16.1"
      },
      "peerDependencies": {
        "@jimp/custom": ">=0.3.5",
        "@jimp/plugin-blur": ">=0.3.5",
        "@jimp/plugin-resize": ">=0.3.5"
      }
    },
    "node_modules/@jimp/plugin-threshold": {
      "version": "0.16.1",
      "license": "MIT",
      "dependencies": {
        "@babel/runtime": "^7.7.2",
        "@jimp/utils": "^0.16.1"
      },
      "peerDependencies": {
        "@jimp/custom": ">=0.3.5",
        "@jimp/plugin-color": ">=0.8.0",
        "@jimp/plugin-resize": ">=0.8.0"
      }
    },
    "node_modules/@jimp/plugins": {
      "version": "0.16.1",
      "license": "MIT",
      "dependencies": {
        "@babel/runtime": "^7.7.2",
        "@jimp/plugin-blit": "^0.16.1",
        "@jimp/plugin-blur": "^0.16.1",
        "@jimp/plugin-circle": "^0.16.1",
        "@jimp/plugin-color": "^0.16.1",
        "@jimp/plugin-contain": "^0.16.1",
        "@jimp/plugin-cover": "^0.16.1",
        "@jimp/plugin-crop": "^0.16.1",
        "@jimp/plugin-displace": "^0.16.1",
        "@jimp/plugin-dither": "^0.16.1",
        "@jimp/plugin-fisheye": "^0.16.1",
        "@jimp/plugin-flip": "^0.16.1",
        "@jimp/plugin-gaussian": "^0.16.1",
        "@jimp/plugin-invert": "^0.16.1",
        "@jimp/plugin-mask": "^0.16.1",
        "@jimp/plugin-normalize": "^0.16.1",
        "@jimp/plugin-print": "^0.16.1",
        "@jimp/plugin-resize": "^0.16.1",
        "@jimp/plugin-rotate": "^0.16.1",
        "@jimp/plugin-scale": "^0.16.1",
        "@jimp/plugin-shadow": "^0.16.1",
        "@jimp/plugin-threshold": "^0.16.1",
        "timm": "^1.6.1"
      },
      "peerDependencies": {
        "@jimp/custom": ">=0.3.5"
      }
    },
    "node_modules/@jimp/png": {
      "version": "0.16.1",
      "license": "MIT",
      "dependencies": {
        "@babel/runtime": "^7.7.2",
        "@jimp/utils": "^0.16.1",
        "pngjs": "^3.3.3"
      },
      "peerDependencies": {
        "@jimp/custom": ">=0.3.5"
      }
    },
    "node_modules/@jimp/tiff": {
      "version": "0.16.1",
      "license": "MIT",
      "dependencies": {
        "@babel/runtime": "^7.7.2",
        "utif": "^2.0.1"
      },
      "peerDependencies": {
        "@jimp/custom": ">=0.3.5"
      }
    },
    "node_modules/@jimp/types": {
      "version": "0.16.1",
      "license": "MIT",
      "dependencies": {
        "@babel/runtime": "^7.7.2",
        "@jimp/bmp": "^0.16.1",
        "@jimp/gif": "^0.16.1",
        "@jimp/jpeg": "^0.16.1",
        "@jimp/png": "^0.16.1",
        "@jimp/tiff": "^0.16.1",
        "timm": "^1.6.1"
      },
      "peerDependencies": {
        "@jimp/custom": ">=0.3.5"
      }
    },
    "node_modules/@jimp/utils": {
      "version": "0.16.1",
      "license": "MIT",
      "dependencies": {
        "@babel/runtime": "^7.7.2",
        "regenerator-runtime": "^0.13.3"
      }
    },
    "node_modules/@popperjs/core": {
      "version": "2.6.0",
      "license": "MIT",
      "funding": {
        "type": "opencollective",
        "url": "https://opencollective.com/popperjs"
      }
    },
    "node_modules/@types/tinycolor2": {
      "version": "1.4.2",
      "license": "MIT"
    },
    "node_modules/ag-grid-community": {
      "version": "25.1.0",
      "resolved": "https://registry.npmjs.org/ag-grid-community/-/ag-grid-community-25.1.0.tgz",
      "integrity": "sha512-sKJp6SZG8J50OlOeECtrLFSp/iwdx1mcG0+BmIkHsXmWoyXv5ZaTJyVg1/hMk6s3JVTm1ipg6LepbTaigWEL2A=="
    },
    "node_modules/animate.css": {
      "version": "4.1.1",
      "resolved": "https://registry.npmjs.org/animate.css/-/animate.css-4.1.1.tgz",
      "integrity": "sha512-+mRmCTv6SbCmtYJCN4faJMNFVNN5EuCTTprDTAo7YzIGji2KADmakjVA3+8mVDkZ2Bf09vayB35lSQIex2+QaQ=="
    },
    "node_modules/any-base": {
      "version": "1.1.0",
      "license": "MIT"
    },
    "node_modules/awesome-notifications": {
      "version": "3.1.1",
      "license": "MIT"
    },
    "node_modules/axios": {
      "version": "0.21.0",
      "license": "MIT",
      "dependencies": {
        "follow-redirects": "^1.10.0"
      }
    },
    "node_modules/base64-js": {
      "version": "1.5.1",
      "funding": [
        {
          "type": "github",
          "url": "https://github.com/sponsors/feross"
        },
        {
          "type": "patreon",
          "url": "https://www.patreon.com/feross"
        },
        {
          "type": "consulting",
          "url": "https://feross.org/support"
        }
      ],
      "license": "MIT"
    },
    "node_modules/bmp-js": {
      "version": "0.1.0",
      "license": "MIT"
    },
    "node_modules/buffer": {
      "version": "5.7.1",
      "funding": [
        {
          "type": "github",
          "url": "https://github.com/sponsors/feross"
        },
        {
          "type": "patreon",
          "url": "https://www.patreon.com/feross"
        },
        {
          "type": "consulting",
          "url": "https://feross.org/support"
        }
      ],
      "license": "MIT",
      "dependencies": {
        "base64-js": "^1.3.1",
        "ieee754": "^1.1.13"
      }
    },
    "node_modules/buffer-equal": {
      "version": "0.0.1",
      "license": "MIT",
      "engines": {
        "node": ">=0.4.0"
      }
    },
    "node_modules/custom-event": {
      "version": "1.0.1",
      "license": "MIT"
    },
    "node_modules/dom-walk": {
      "version": "0.1.2"
    },
    "node_modules/ev-pos": {
      "version": "1.0.1",
      "license": "MIT"
    },
    "node_modules/exif-parser": {
      "version": "0.1.12"
    },
    "node_modules/file-type": {
      "version": "9.0.0",
      "license": "MIT",
      "engines": {
        "node": ">=6"
      }
    },
    "node_modules/follow-redirects": {
      "version": "1.13.0",
      "funding": [
        {
          "type": "individual",
          "url": "https://github.com/sponsors/RubenVerborgh"
        }
      ],
      "license": "MIT",
      "engines": {
        "node": ">=4.0"
      }
    },
    "node_modules/fs": {
      "version": "0.0.1-security",
      "license": "ISC"
    },
    "node_modules/gifwrap": {
      "version": "0.9.2",
      "license": "MIT",
      "dependencies": {
        "image-q": "^1.1.1",
        "omggif": "^1.0.10"
      }
    },
    "node_modules/global": {
      "version": "4.4.0",
      "license": "MIT",
      "dependencies": {
        "min-document": "^2.19.0",
        "process": "^0.11.10"
      }
    },
    "node_modules/i18next": {
      "version": "19.9.1",
      "license": "MIT",
      "dependencies": {
        "@babel/runtime": "^7.12.0"
      }
    },
    "node_modules/i18next-browser-languagedetector": {
      "version": "6.0.1",
      "license": "MIT",
      "dependencies": {
        "@babel/runtime": "^7.5.5"
      }
    },
    "node_modules/i18next-chained-backend": {
      "version": "2.0.1",
      "license": "MIT",
      "dependencies": {
        "@babel/runtime": "^7.4.5"
      }
    },
    "node_modules/i18next-http-backend": {
      "version": "1.1.1",
      "dependencies": {
        "node-fetch": "2.6.1"
      }
    },
    "node_modules/i18next-localstorage-backend": {
      "version": "3.1.2",
      "license": "MIT",
      "dependencies": {
        "@babel/runtime": "^7.4.5"
      }
    },
    "node_modules/ieee754": {
      "version": "1.2.1",
      "funding": [
        {
          "type": "github",
          "url": "https://github.com/sponsors/feross"
        },
        {
          "type": "patreon",
          "url": "https://www.patreon.com/feross"
        },
        {
          "type": "consulting",
          "url": "https://feross.org/support"
        }
      ],
      "license": "BSD-3-Clause"
    },
    "node_modules/image-q": {
      "version": "1.1.1",
      "license": "MIT",
      "engines": {
        "node": ">=0.9.0"
      }
    },
    "node_modules/is-function": {
      "version": "1.0.2",
      "license": "MIT"
    },
    "node_modules/jimp": {
      "version": "0.16.1",
      "license": "MIT",
      "dependencies": {
        "@babel/runtime": "^7.7.2",
        "@jimp/custom": "^0.16.1",
        "@jimp/plugins": "^0.16.1",
        "@jimp/types": "^0.16.1",
        "regenerator-runtime": "^0.13.3"
      }
    },
    "node_modules/jpeg-js": {
      "version": "0.4.2",
      "license": "BSD-3-Clause"
    },
    "node_modules/jquery": {
      "version": "3.5.1",
      "license": "MIT"
    },
    "node_modules/load-bmfont": {
      "version": "1.4.1",
      "license": "MIT",
      "dependencies": {
        "buffer-equal": "0.0.1",
        "mime": "^1.3.4",
        "parse-bmfont-ascii": "^1.0.3",
        "parse-bmfont-binary": "^1.0.5",
        "parse-bmfont-xml": "^1.1.4",
        "phin": "^2.9.1",
        "xhr": "^2.0.1",
        "xtend": "^4.0.0"
      }
    },
    "node_modules/mime": {
      "version": "1.6.0",
      "license": "MIT",
      "bin": {
        "mime": "cli.js"
      },
      "engines": {
        "node": ">=4"
      }
    },
    "node_modules/min-document": {
      "version": "2.19.0",
      "dependencies": {
        "dom-walk": "^0.1.0"
      }
    },
    "node_modules/minimist": {
      "version": "1.2.5",
      "license": "MIT"
    },
    "node_modules/mkdirp": {
      "version": "0.5.5",
      "license": "MIT",
      "dependencies": {
        "minimist": "^1.2.5"
      },
      "bin": {
        "mkdirp": "bin/cmd.js"
      }
    },
    "node_modules/multiple-select": {
      "version": "1.5.2",
      "resolved": "https://registry.npmjs.org/multiple-select/-/multiple-select-1.5.2.tgz",
      "integrity": "sha512-sTNNRrjnTtB1b1+HTKcjQ/mjWY7Gvigo9F3C/3oTQCTFEpYzwaRYFPRAOu2SogfA1hEfyJTXjyS1VAbanJMsmA==",
      "peerDependencies": {
        "jquery": "1.9.1 - 3"
      }
    },
    "node_modules/node-fetch": {
      "version": "2.6.1",
      "license": "MIT",
      "engines": {
        "node": "4.x || >=6.0.0"
      }
    },
    "node_modules/omggif": {
      "version": "1.0.10",
      "license": "MIT"
    },
    "node_modules/pako": {
      "version": "1.0.11",
      "license": "(MIT AND Zlib)"
    },
    "node_modules/parse-bmfont-ascii": {
      "version": "1.0.6",
      "license": "MIT"
    },
    "node_modules/parse-bmfont-binary": {
      "version": "1.0.6",
      "license": "MIT"
    },
    "node_modules/parse-bmfont-xml": {
      "version": "1.1.4",
      "license": "MIT",
      "dependencies": {
        "xml-parse-from-string": "^1.0.0",
        "xml2js": "^0.4.5"
      }
    },
    "node_modules/parse-headers": {
      "version": "2.0.3",
      "license": "MIT"
    },
    "node_modules/phin": {
      "version": "2.9.3",
      "license": "MIT"
    },
    "node_modules/pixelmatch": {
      "version": "4.0.2",
      "license": "ISC",
      "dependencies": {
        "pngjs": "^3.0.0"
      },
      "bin": {
        "pixelmatch": "bin/pixelmatch"
      }
    },
    "node_modules/pngjs": {
      "version": "3.4.0",
      "license": "MIT",
      "engines": {
        "node": ">=4.0.0"
      }
    },
    "node_modules/pretty-checkbox": {
      "version": "3.0.3",
      "resolved": "https://registry.npmjs.org/pretty-checkbox/-/pretty-checkbox-3.0.3.tgz",
      "integrity": "sha1-1JyAE6j8CO4MLW695FNGS/28Qo4="
    },
    "node_modules/process": {
      "version": "0.11.10",
      "license": "MIT",
      "engines": {
        "node": ">= 0.6.0"
      }
    },
    "node_modules/rangeslider-js": {
      "version": "3.2.5",
      "license": "MIT",
      "dependencies": {
        "custom-event": "^1.0.1",
        "ev-pos": "^1.0.1"
      },
      "engines": {
        "node": ">=10",
        "npm": ">=6"
      }
    },
    "node_modules/regenerator-runtime": {
      "version": "0.13.7",
      "license": "MIT"
    },
    "node_modules/sax": {
      "version": "1.2.4",
      "license": "ISC"
    },
    "node_modules/string-similarity": {
      "version": "4.0.4",
      "resolved": "https://registry.npmjs.org/string-similarity/-/string-similarity-4.0.4.tgz",
      "integrity": "sha512-/q/8Q4Bl4ZKAPjj8WerIBJWALKkaPRfrvhfF8k/B23i4nzrlRj2/go1m90In7nG/3XDSbOo0+pu6RvCTM9RGMQ=="
    },
    "node_modules/sweetalert2": {
      "version": "10.12.4",
      "license": "MIT",
      "funding": {
        "url": "https://sweetalert2.github.io/#donations"
      }
    },
    "node_modules/timm": {
      "version": "1.7.1",
      "license": "MIT"
    },
    "node_modules/tinycolor2": {
      "version": "1.4.2",
      "license": "MIT",
      "engines": {
        "node": "*"
      }
    },
    "node_modules/tinygradient": {
      "version": "1.1.2",
      "license": "MIT",
      "dependencies": {
        "@types/tinycolor2": "^1.4.0",
        "tinycolor2": "^1.0.0"
      }
    },
    "node_modules/tippy": {
      "version": "0.0.0",
      "resolved": "https://registry.npmjs.org/tippy/-/tippy-0.0.0.tgz",
      "integrity": "sha1-1rZWykN8rKZ1GOUT5KGxS+t/xdQ="
    },
    "node_modules/tippy.js": {
      "version": "6.2.7",
      "license": "MIT",
      "dependencies": {
        "@popperjs/core": "^2.4.4"
      }
    },
    "node_modules/tree-kill": {
      "version": "1.2.2",
      "license": "MIT",
      "bin": {
        "tree-kill": "cli.js"
      }
    },
    "node_modules/utif": {
      "version": "2.0.1",
      "license": "MIT",
      "dependencies": {
        "pako": "^1.0.5"
      }
    },
    "node_modules/uuid": {
      "version": "8.3.2",
      "license": "MIT",
      "bin": {
        "uuid": "dist/bin/uuid"
      }
    },
    "node_modules/xhr": {
      "version": "2.6.0",
      "license": "MIT",
      "dependencies": {
        "global": "~4.4.0",
        "is-function": "^1.0.1",
        "parse-headers": "^2.0.0",
        "xtend": "^4.0.0"
      }
    },
    "node_modules/xml-parse-from-string": {
      "version": "1.0.1",
      "license": "MIT"
    },
    "node_modules/xml2js": {
      "version": "0.4.23",
      "license": "MIT",
      "dependencies": {
        "sax": ">=0.6.0",
        "xmlbuilder": "~11.0.0"
      },
      "engines": {
        "node": ">=4.0.0"
      }
    },
    "node_modules/xmlbuilder": {
      "version": "11.0.1",
      "license": "MIT",
      "engines": {
        "node": ">=4.0"
      }
    },
    "node_modules/xtend": {
      "version": "4.0.2",
      "license": "MIT",
      "engines": {
        "node": ">=0.4"
      }
    }
  },
  "dependencies": {
    "@ag-grid-community/client-side-row-model": {
      "version": "25.1.0",
      "resolved": "https://registry.npmjs.org/@ag-grid-community/client-side-row-model/-/client-side-row-model-25.1.0.tgz",
      "integrity": "sha512-/SLSXYO2Nn8SkoI65/0g7TWNZpP6OaRjvT8ncoTOXgT1g+mY1CeWROUtKccTjMtwOiam1Dn7oAImq0utDoEFjw==",
      "requires": {
        "@ag-grid-community/core": "~25.1.0"
      }
    },
    "@ag-grid-community/core": {
      "version": "25.1.0",
      "resolved": "https://registry.npmjs.org/@ag-grid-community/core/-/core-25.1.0.tgz",
      "integrity": "sha512-svbWNlNVtBHJZWs+JgaCsQctW5W/tuOiuO1bbm4vYQA2M6tXAgg4BaDpuHScG8w3ZlOhlz5jkrh8l96ODbAuQA=="
    },
    "@ag-grid-community/infinite-row-model": {
      "version": "25.1.0",
      "resolved": "https://registry.npmjs.org/@ag-grid-community/infinite-row-model/-/infinite-row-model-25.1.0.tgz",
      "integrity": "sha512-CZKmS6cqeAW11TyNaU+Kz4tweJLkXTftqc7qNpSD0eyTN1D8KX0jsd9d9cM/VRkrWZwi9RhbsioTWH/v9cIWrA==",
      "requires": {
        "@ag-grid-community/core": "~25.1.0"
      }
    },
    "@babel/runtime": {
      "version": "7.12.5",
      "requires": {
        "regenerator-runtime": "^0.13.4"
      }
    },
    "@fontsource/fira-sans-condensed": {
      "version": "4.2.2",
      "resolved": "https://registry.npmjs.org/@fontsource/fira-sans-condensed/-/fira-sans-condensed-4.2.2.tgz",
      "integrity": "sha512-t95fRL98/q255lBWDrsBNpNJbCVwsfzR11DPpYS/3nc/+YTUbWAtKcfx9h4Y4f1oz57YSXIC9fAEYA6e0oH8MQ=="
    },
    "@fortawesome/fontawesome-free": {
      "version": "5.15.1"
    },
    "@jimp/bmp": {
      "version": "0.16.1",
      "requires": {
        "@babel/runtime": "^7.7.2",
        "@jimp/utils": "^0.16.1",
        "bmp-js": "^0.1.0"
      }
    },
    "@jimp/core": {
      "version": "0.16.1",
      "requires": {
        "@babel/runtime": "^7.7.2",
        "@jimp/utils": "^0.16.1",
        "any-base": "^1.1.0",
        "buffer": "^5.2.0",
        "exif-parser": "^0.1.12",
        "file-type": "^9.0.0",
        "load-bmfont": "^1.3.1",
        "mkdirp": "^0.5.1",
        "phin": "^2.9.1",
        "pixelmatch": "^4.0.2",
        "tinycolor2": "^1.4.1"
      }
    },
    "@jimp/custom": {
      "version": "0.16.1",
      "requires": {
        "@babel/runtime": "^7.7.2",
        "@jimp/core": "^0.16.1"
      }
    },
    "@jimp/gif": {
      "version": "0.16.1",
      "requires": {
        "@babel/runtime": "^7.7.2",
        "@jimp/utils": "^0.16.1",
        "gifwrap": "^0.9.2",
        "omggif": "^1.0.9"
      }
    },
    "@jimp/jpeg": {
      "version": "0.16.1",
      "requires": {
        "@babel/runtime": "^7.7.2",
        "@jimp/utils": "^0.16.1",
        "jpeg-js": "0.4.2"
      }
    },
    "@jimp/plugin-blit": {
      "version": "0.16.1",
      "requires": {
        "@babel/runtime": "^7.7.2",
        "@jimp/utils": "^0.16.1"
      }
    },
    "@jimp/plugin-blur": {
      "version": "0.16.1",
      "requires": {
        "@babel/runtime": "^7.7.2",
        "@jimp/utils": "^0.16.1"
      }
    },
    "@jimp/plugin-circle": {
      "version": "0.16.1",
      "requires": {
        "@babel/runtime": "^7.7.2",
        "@jimp/utils": "^0.16.1"
      }
    },
    "@jimp/plugin-color": {
      "version": "0.16.1",
      "requires": {
        "@babel/runtime": "^7.7.2",
        "@jimp/utils": "^0.16.1",
        "tinycolor2": "^1.4.1"
      }
    },
    "@jimp/plugin-contain": {
      "version": "0.16.1",
      "requires": {
        "@babel/runtime": "^7.7.2",
        "@jimp/utils": "^0.16.1"
      }
    },
    "@jimp/plugin-cover": {
      "version": "0.16.1",
      "requires": {
        "@babel/runtime": "^7.7.2",
        "@jimp/utils": "^0.16.1"
      }
    },
    "@jimp/plugin-crop": {
      "version": "0.16.1",
      "requires": {
        "@babel/runtime": "^7.7.2",
        "@jimp/utils": "^0.16.1"
      }
    },
    "@jimp/plugin-displace": {
      "version": "0.16.1",
      "requires": {
        "@babel/runtime": "^7.7.2",
        "@jimp/utils": "^0.16.1"
      }
    },
    "@jimp/plugin-dither": {
      "version": "0.16.1",
      "requires": {
        "@babel/runtime": "^7.7.2",
        "@jimp/utils": "^0.16.1"
      }
    },
    "@jimp/plugin-fisheye": {
      "version": "0.16.1",
      "requires": {
        "@babel/runtime": "^7.7.2",
        "@jimp/utils": "^0.16.1"
      }
    },
    "@jimp/plugin-flip": {
      "version": "0.16.1",
      "requires": {
        "@babel/runtime": "^7.7.2",
        "@jimp/utils": "^0.16.1"
      }
    },
    "@jimp/plugin-gaussian": {
      "version": "0.16.1",
      "requires": {
        "@babel/runtime": "^7.7.2",
        "@jimp/utils": "^0.16.1"
      }
    },
    "@jimp/plugin-invert": {
      "version": "0.16.1",
      "requires": {
        "@babel/runtime": "^7.7.2",
        "@jimp/utils": "^0.16.1"
      }
    },
    "@jimp/plugin-mask": {
      "version": "0.16.1",
      "requires": {
        "@babel/runtime": "^7.7.2",
        "@jimp/utils": "^0.16.1"
      }
    },
    "@jimp/plugin-normalize": {
      "version": "0.16.1",
      "requires": {
        "@babel/runtime": "^7.7.2",
        "@jimp/utils": "^0.16.1"
      }
    },
    "@jimp/plugin-print": {
      "version": "0.16.1",
      "requires": {
        "@babel/runtime": "^7.7.2",
        "@jimp/utils": "^0.16.1",
        "load-bmfont": "^1.4.0"
      }
    },
    "@jimp/plugin-resize": {
      "version": "0.16.1",
      "requires": {
        "@babel/runtime": "^7.7.2",
        "@jimp/utils": "^0.16.1"
      }
    },
    "@jimp/plugin-rotate": {
      "version": "0.16.1",
      "requires": {
        "@babel/runtime": "^7.7.2",
        "@jimp/utils": "^0.16.1"
      }
    },
    "@jimp/plugin-scale": {
      "version": "0.16.1",
      "requires": {
        "@babel/runtime": "^7.7.2",
        "@jimp/utils": "^0.16.1"
      }
    },
    "@jimp/plugin-shadow": {
      "version": "0.16.1",
      "requires": {
        "@babel/runtime": "^7.7.2",
        "@jimp/utils": "^0.16.1"
      }
    },
    "@jimp/plugin-threshold": {
      "version": "0.16.1",
      "requires": {
        "@babel/runtime": "^7.7.2",
        "@jimp/utils": "^0.16.1"
      }
    },
    "@jimp/plugins": {
      "version": "0.16.1",
      "requires": {
        "@babel/runtime": "^7.7.2",
        "@jimp/plugin-blit": "^0.16.1",
        "@jimp/plugin-blur": "^0.16.1",
        "@jimp/plugin-circle": "^0.16.1",
        "@jimp/plugin-color": "^0.16.1",
        "@jimp/plugin-contain": "^0.16.1",
        "@jimp/plugin-cover": "^0.16.1",
        "@jimp/plugin-crop": "^0.16.1",
        "@jimp/plugin-displace": "^0.16.1",
        "@jimp/plugin-dither": "^0.16.1",
        "@jimp/plugin-fisheye": "^0.16.1",
        "@jimp/plugin-flip": "^0.16.1",
        "@jimp/plugin-gaussian": "^0.16.1",
        "@jimp/plugin-invert": "^0.16.1",
        "@jimp/plugin-mask": "^0.16.1",
        "@jimp/plugin-normalize": "^0.16.1",
        "@jimp/plugin-print": "^0.16.1",
        "@jimp/plugin-resize": "^0.16.1",
        "@jimp/plugin-rotate": "^0.16.1",
        "@jimp/plugin-scale": "^0.16.1",
        "@jimp/plugin-shadow": "^0.16.1",
        "@jimp/plugin-threshold": "^0.16.1",
        "timm": "^1.6.1"
      }
    },
    "@jimp/png": {
      "version": "0.16.1",
      "requires": {
        "@babel/runtime": "^7.7.2",
        "@jimp/utils": "^0.16.1",
        "pngjs": "^3.3.3"
      }
    },
    "@jimp/tiff": {
      "version": "0.16.1",
      "requires": {
        "@babel/runtime": "^7.7.2",
        "utif": "^2.0.1"
      }
    },
    "@jimp/types": {
      "version": "0.16.1",
      "requires": {
        "@babel/runtime": "^7.7.2",
        "@jimp/bmp": "^0.16.1",
        "@jimp/gif": "^0.16.1",
        "@jimp/jpeg": "^0.16.1",
        "@jimp/png": "^0.16.1",
        "@jimp/tiff": "^0.16.1",
        "timm": "^1.6.1"
      }
    },
    "@jimp/utils": {
      "version": "0.16.1",
      "requires": {
        "@babel/runtime": "^7.7.2",
        "regenerator-runtime": "^0.13.3"
      }
    },
    "@popperjs/core": {
      "version": "2.6.0"
    },
    "@types/tinycolor2": {
      "version": "1.4.2"
    },
    "ag-grid-community": {
      "version": "25.1.0",
      "resolved": "https://registry.npmjs.org/ag-grid-community/-/ag-grid-community-25.1.0.tgz",
      "integrity": "sha512-sKJp6SZG8J50OlOeECtrLFSp/iwdx1mcG0+BmIkHsXmWoyXv5ZaTJyVg1/hMk6s3JVTm1ipg6LepbTaigWEL2A=="
    },
    "animate.css": {
      "version": "4.1.1",
      "resolved": "https://registry.npmjs.org/animate.css/-/animate.css-4.1.1.tgz",
      "integrity": "sha512-+mRmCTv6SbCmtYJCN4faJMNFVNN5EuCTTprDTAo7YzIGji2KADmakjVA3+8mVDkZ2Bf09vayB35lSQIex2+QaQ=="
    },
    "any-base": {
      "version": "1.1.0"
    },
    "awesome-notifications": {
      "version": "3.1.1"
    },
    "axios": {
      "version": "0.21.0",
      "requires": {
        "follow-redirects": "^1.10.0"
      }
    },
    "base64-js": {
      "version": "1.5.1"
    },
    "bmp-js": {
      "version": "0.1.0"
    },
    "buffer": {
      "version": "5.7.1",
      "requires": {
        "base64-js": "^1.3.1",
        "ieee754": "^1.1.13"
      }
    },
    "buffer-equal": {
      "version": "0.0.1"
    },
    "custom-event": {
      "version": "1.0.1"
    },
    "dom-walk": {
      "version": "0.1.2"
    },
    "ev-pos": {
      "version": "1.0.1"
    },
    "exif-parser": {
      "version": "0.1.12"
    },
    "file-type": {
      "version": "9.0.0"
    },
    "follow-redirects": {
      "version": "1.13.0"
    },
    "fs": {
      "version": "0.0.1-security"
    },
    "gifwrap": {
      "version": "0.9.2",
      "requires": {
        "image-q": "^1.1.1",
        "omggif": "^1.0.10"
      }
    },
    "global": {
      "version": "4.4.0",
      "requires": {
        "min-document": "^2.19.0",
        "process": "^0.11.10"
      }
    },
    "i18next": {
      "version": "19.9.1",
      "requires": {
        "@babel/runtime": "^7.12.0"
      }
    },
    "i18next-browser-languagedetector": {
      "version": "6.0.1",
      "requires": {
        "@babel/runtime": "^7.5.5"
      }
    },
    "i18next-chained-backend": {
      "version": "2.0.1",
      "requires": {
        "@babel/runtime": "^7.4.5"
      }
    },
    "i18next-http-backend": {
      "version": "1.1.1",
      "requires": {
        "node-fetch": "2.6.1"
      }
    },
    "i18next-localstorage-backend": {
      "version": "3.1.2",
      "requires": {
        "@babel/runtime": "^7.4.5"
      }
    },
    "ieee754": {
      "version": "1.2.1"
    },
    "image-q": {
      "version": "1.1.1"
    },
    "is-function": {
      "version": "1.0.2"
    },
    "jimp": {
      "version": "0.16.1",
      "requires": {
        "@babel/runtime": "^7.7.2",
        "@jimp/custom": "^0.16.1",
        "@jimp/plugins": "^0.16.1",
        "@jimp/types": "^0.16.1",
        "regenerator-runtime": "^0.13.3"
      }
    },
    "jpeg-js": {
      "version": "0.4.2"
    },
    "jquery": {
      "version": "3.5.1"
    },
    "load-bmfont": {
      "version": "1.4.1",
      "requires": {
        "buffer-equal": "0.0.1",
        "mime": "^1.3.4",
        "parse-bmfont-ascii": "^1.0.3",
        "parse-bmfont-binary": "^1.0.5",
        "parse-bmfont-xml": "^1.1.4",
        "phin": "^2.9.1",
        "xhr": "^2.0.1",
        "xtend": "^4.0.0"
      }
    },
    "mime": {
      "version": "1.6.0"
    },
    "min-document": {
      "version": "2.19.0",
      "requires": {
        "dom-walk": "^0.1.0"
      }
    },
    "minimist": {
      "version": "1.2.5"
    },
    "mkdirp": {
      "version": "0.5.5",
      "requires": {
        "minimist": "^1.2.5"
      }
    },
    "multiple-select": {
      "version": "1.5.2",
      "resolved": "https://registry.npmjs.org/multiple-select/-/multiple-select-1.5.2.tgz",
      "integrity": "sha512-sTNNRrjnTtB1b1+HTKcjQ/mjWY7Gvigo9F3C/3oTQCTFEpYzwaRYFPRAOu2SogfA1hEfyJTXjyS1VAbanJMsmA==",
      "requires": {}
    },
    "node-fetch": {
      "version": "2.6.1"
    },
    "omggif": {
      "version": "1.0.10"
    },
    "pako": {
      "version": "1.0.11"
    },
    "parse-bmfont-ascii": {
      "version": "1.0.6"
    },
    "parse-bmfont-binary": {
      "version": "1.0.6"
    },
    "parse-bmfont-xml": {
      "version": "1.1.4",
      "requires": {
        "xml-parse-from-string": "^1.0.0",
        "xml2js": "^0.4.5"
      }
    },
    "parse-headers": {
      "version": "2.0.3"
    },
    "phin": {
      "version": "2.9.3"
    },
    "pixelmatch": {
      "version": "4.0.2",
      "requires": {
        "pngjs": "^3.0.0"
      }
    },
    "pngjs": {
      "version": "3.4.0"
    },
    "pretty-checkbox": {
      "version": "3.0.3",
      "resolved": "https://registry.npmjs.org/pretty-checkbox/-/pretty-checkbox-3.0.3.tgz",
      "integrity": "sha1-1JyAE6j8CO4MLW695FNGS/28Qo4="
    },
    "process": {
      "version": "0.11.10"
    },
    "rangeslider-js": {
      "version": "3.2.5",
      "requires": {
        "custom-event": "^1.0.1",
        "ev-pos": "^1.0.1"
      }
    },
    "regenerator-runtime": {
      "version": "0.13.7"
    },
    "sax": {
      "version": "1.2.4"
    },
    "string-similarity": {
      "version": "4.0.4",
      "resolved": "https://registry.npmjs.org/string-similarity/-/string-similarity-4.0.4.tgz",
      "integrity": "sha512-/q/8Q4Bl4ZKAPjj8WerIBJWALKkaPRfrvhfF8k/B23i4nzrlRj2/go1m90In7nG/3XDSbOo0+pu6RvCTM9RGMQ=="
    },
    "sweetalert2": {
      "version": "10.12.4"
    },
    "timm": {
      "version": "1.7.1"
    },
    "tinycolor2": {
      "version": "1.4.2"
    },
    "tinygradient": {
      "version": "1.1.2",
      "requires": {
        "@types/tinycolor2": "^1.4.0",
        "tinycolor2": "^1.0.0"
      }
    },
    "tippy": {
      "version": "0.0.0",
      "resolved": "https://registry.npmjs.org/tippy/-/tippy-0.0.0.tgz",
      "integrity": "sha1-1rZWykN8rKZ1GOUT5KGxS+t/xdQ="
    },
    "tippy.js": {
      "version": "6.2.7",
      "requires": {
        "@popperjs/core": "^2.4.4"
      }
    },
    "tree-kill": {
      "version": "1.2.2"
    },
    "utif": {
      "version": "2.0.1",
      "requires": {
        "pako": "^1.0.5"
      }
    },
    "uuid": {
      "version": "8.3.2"
    },
    "xhr": {
      "version": "2.6.0",
      "requires": {
        "global": "~4.4.0",
        "is-function": "^1.0.1",
        "parse-headers": "^2.0.0",
        "xtend": "^4.0.0"
      }
    },
    "xml-parse-from-string": {
      "version": "1.0.1"
    },
    "xml2js": {
      "version": "0.4.23",
      "requires": {
        "sax": ">=0.6.0",
        "xmlbuilder": "~11.0.0"
      }
    },
    "xmlbuilder": {
      "version": "11.0.1"
    },
    "xtend": {
      "version": "4.0.2"
    }
  }
}
